
Microsoft Visual Studio Solution File, Format Version 12.00
# Visual Studio 15
VisualStudioVersion = 15.0.28307.168
MinimumVisualStudioVersion = 10.0.40219.1
Project("{FAE04EC0-301F-11D3-BF4B-00C04F79EFBC}") = "AdaGrammar", "AdaGrammar.csproj", "{A10DB8AA-191C-4923-808A-027DD08E9C4E}"
EndProject
Global
	GlobalSection(SolutionConfigurationPlatforms) = preSolution
		Debug|Any CPU = Debug|Any CPU
		Release|Any CPU = Release|Any CPU
	EndGlobalSection
	GlobalSection(ProjectConfigurationPlatforms) = postSolution
		{A10DB8AA-191C-4923-808A-027DD08E9C4E}.Debug|Any CPU.ActiveCfg = Debug|Any CPU
		{A10DB8AA-191C-4923-808A-027DD08E9C4E}.Debug|Any CPU.Build.0 = Debug|Any CPU
		{A10DB8AA-191C-4923-808A-027DD08E9C4E}.Release|Any CPU.ActiveCfg = Release|Any CPU
		{A10DB8AA-191C-4923-808A-027DD08E9C4E}.Release|Any CPU.Build.0 = Release|Any CPU
	EndGlobalSection
	GlobalSection(SolutionProperties) = preSolution
		HideSolutionNode = FALSE
	EndGlobalSection
	GlobalSection(ExtensibilityGlobals) = postSolution
		SolutionGuid = {1A5FB4D4-6B48-4BD1-8E55-7EB628B0EAE3}
	EndGlobalSection
EndGlobal
